
Microsoft Visual Studio Solution File, Format Version 12.00
# Visual Studio Version 17
VisualStudioVersion = 17.11.35312.102
MinimumVisualStudioVersion = 10.0.40219.1
Project("{2150E333-8FDC-42A3-9474-1A3956D46DE8}") = "Task0", "Task0", "{3BAA41D5-A47B-495C-88B4-E9A24F0DE1D2}"
EndProject
Project("{9A19103F-16F7-4668-BE54-9A1E7A4F7556}") = "Tyuiu.KolesnikovMN.Sprint6.Task0.V9.Lib", "Tyuiu.KolesnikovMN.Sprint6.Task0.V9.Lib\Tyuiu.KolesnikovMN.Sprint6.Task0.V9.Lib.csproj", "{3E30C0FD-159A-4CFE-AF85-C892E4D4F9CD}"
EndProject
Project("{9A19103F-16F7-4668-BE54-9A1E7A4F7556}") = "Tyuiu.KolesnikovMN.Sprint6.Task0.V9.Test", "Tyuiu.KolesnikovMN.Sprint6.Task0.V9.Test\Tyuiu.KolesnikovMN.Sprint6.Task0.V9.Test.csproj", "{D8FB3ED7-F22C-4FAD-A3FB-F1ADD9FF9546}"
EndProject
Project("{9A19103F-16F7-4668-BE54-9A1E7A4F7556}") = "Tyuiu.KolesnikovMN.Sprint6.Task0.V9", "Tyuiu.KolesnikovMN.Sprint6.Task0.V9\Tyuiu.KolesnikovMN.Sprint6.Task0.V9.csproj", "{433DA395-F9A7-411D-AA3D-1293B3B55131}"
EndProject
Project("{2150E333-8FDC-42A3-9474-1A3956D46DE8}") = "Task1", "Task1", "{C2582FAB-0150-4FA7-8FEF-F9B40F87CF30}"
EndProject
Project("{FAE04EC0-301F-11D3-BF4B-00C04F79EFBC}") = "Tyuiu.KolesnikovMN.Sprint6.Task1.V12", "Tyuiu.KolesnikovMN.Sprint6.Task1.V12\Tyuiu.KolesnikovMN.Sprint6.Task1.V12.csproj", "{179F36C6-B60C-49E1-A1F8-6F99A8F129EB}"
EndProject
Project("{FAE04EC0-301F-11D3-BF4B-00C04F79EFBC}") = "Tyuiu.KolesnikovMN.Sprint6.Task1.V12.Lib", "Tyuiu.KolesnikovMN.Sprint6.Task1.V12.Lib\Tyuiu.KolesnikovMN.Sprint6.Task1.V12.Lib.csproj", "{6010DBE9-7461-42F9-8117-EE2DFA4C27D5}"
EndProject
Project("{FAE04EC0-301F-11D3-BF4B-00C04F79EFBC}") = "Tyuiu.KolesnikovMN.Sprint6.Task1.V12.Test", "Tyuiu.KolesnikovMN.Sprint6.Task1.V12.Test\Tyuiu.KolesnikovMN.Sprint6.Task1.V12.Test.csproj", "{A346BED8-B4B1-49AE-9BBD-390D81D28DB3}"
EndProject
Project("{2150E333-8FDC-42A3-9474-1A3956D46DE8}") = "Task2", "Task2", "{A796151D-65C3-46D3-B5F9-A91D81D503CD}"
EndProject
Project("{FAE04EC0-301F-11D3-BF4B-00C04F79EFBC}") = "Tyuiu.KolesnikovMN.Sprint6.Task2.V21", "Tyuiu.KolesnikovMN.Sprint6.Task2.V21\Tyuiu.KolesnikovMN.Sprint6.Task2.V21.csproj", "{F3816520-C2B9-4AFC-8025-2E455C232286}"
EndProject
Project("{FAE04EC0-301F-11D3-BF4B-00C04F79EFBC}") = "Tyuiu.KolesnikovMN.Sprint6.Task2.V21.Lib", "Tyuiu.KolesnikovMN.Sprint6.Task2.V21.Lib\Tyuiu.KolesnikovMN.Sprint6.Task2.V21.Lib.csproj", "{4CAEA22D-6DEB-434A-919E-F435F0DFC099}"
EndProject
Project("{FAE04EC0-301F-11D3-BF4B-00C04F79EFBC}") = "Tyuiu.KolesnikovMN.Sprint6.Task2.V21.Test", "Tyuiu.KolesnikovMN.Sprint6.Task2.V21.Test\Tyuiu.KolesnikovMN.Sprint6.Task2.V21.Test.csproj", "{B02B5FFB-E909-49BF-802B-3019A8A54CB8}"
EndProject
Project("{2150E333-8FDC-42A3-9474-1A3956D46DE8}") = "Task3", "Task3", "{DCF7B5AC-B05E-475A-A812-540699F8613E}"
EndProject
Project("{FAE04EC0-301F-11D3-BF4B-00C04F79EFBC}") = "Tyuiu.KolesnikovMN.Sprint6.Task3.V29", "Tyuiu.KolesnikovMN.Sprint6.Task6.V29\Tyuiu.KolesnikovMN.Sprint6.Task3.V29.csproj", "{29AF3426-EC5B-4B51-BDF0-6DD13991F0A7}"
EndProject
Project("{FAE04EC0-301F-11D3-BF4B-00C04F79EFBC}") = "Tyuiu.KolesnikovMN.Sprint6.Task3.V29.Lib", "Tyuiu.KolesnikovMN.Sprint6.Task6.V29.Lib\Tyuiu.KolesnikovMN.Sprint6.Task3.V29.Lib.csproj", "{08513109-9603-49DF-A87A-0A60C5B86595}"
EndProject
Project("{FAE04EC0-301F-11D3-BF4B-00C04F79EFBC}") = "Tyuiu.KolesnikovMN.Sprint6.Task3.V29.Test", "Tyuiu.KolesnikovMN.Sprint6.Task6.V29.Test\Tyuiu.KolesnikovMN.Sprint6.Task3.V29.Test.csproj", "{E39A040F-1FD6-40B7-8DC8-39E088A83D92}"
EndProject
Global
	GlobalSection(SolutionConfigurationPlatforms) = preSolution
		Debug|Any CPU = Debug|Any CPU
		Release|Any CPU = Release|Any CPU
	EndGlobalSection
	GlobalSection(ProjectConfigurationPlatforms) = postSolution
		{3E30C0FD-159A-4CFE-AF85-C892E4D4F9CD}.Debug|Any CPU.ActiveCfg = Debug|Any CPU
		{3E30C0FD-159A-4CFE-AF85-C892E4D4F9CD}.Debug|Any CPU.Build.0 = Debug|Any CPU
		{3E30C0FD-159A-4CFE-AF85-C892E4D4F9CD}.Release|Any CPU.ActiveCfg = Release|Any CPU
		{3E30C0FD-159A-4CFE-AF85-C892E4D4F9CD}.Release|Any CPU.Build.0 = Release|Any CPU
		{D8FB3ED7-F22C-4FAD-A3FB-F1ADD9FF9546}.Debug|Any CPU.ActiveCfg = Debug|Any CPU
		{D8FB3ED7-F22C-4FAD-A3FB-F1ADD9FF9546}.Debug|Any CPU.Build.0 = Debug|Any CPU
		{D8FB3ED7-F22C-4FAD-A3FB-F1ADD9FF9546}.Release|Any CPU.ActiveCfg = Release|Any CPU
		{D8FB3ED7-F22C-4FAD-A3FB-F1ADD9FF9546}.Release|Any CPU.Build.0 = Release|Any CPU
		{433DA395-F9A7-411D-AA3D-1293B3B55131}.Debug|Any CPU.ActiveCfg = Debug|Any CPU
		{433DA395-F9A7-411D-AA3D-1293B3B55131}.Debug|Any CPU.Build.0 = Debug|Any CPU
		{433DA395-F9A7-411D-AA3D-1293B3B55131}.Release|Any CPU.ActiveCfg = Release|Any CPU
		{433DA395-F9A7-411D-AA3D-1293B3B55131}.Release|Any CPU.Build.0 = Release|Any CPU
		{179F36C6-B60C-49E1-A1F8-6F99A8F129EB}.Debug|Any CPU.ActiveCfg = Debug|Any CPU
		{179F36C6-B60C-49E1-A1F8-6F99A8F129EB}.Debug|Any CPU.Build.0 = Debug|Any CPU
		{179F36C6-B60C-49E1-A1F8-6F99A8F129EB}.Release|Any CPU.ActiveCfg = Release|Any CPU
		{179F36C6-B60C-49E1-A1F8-6F99A8F129EB}.Release|Any CPU.Build.0 = Release|Any CPU
		{6010DBE9-7461-42F9-8117-EE2DFA4C27D5}.Debug|Any CPU.ActiveCfg = Debug|Any CPU
		{6010DBE9-7461-42F9-8117-EE2DFA4C27D5}.Debug|Any CPU.Build.0 = Debug|Any CPU
		{6010DBE9-7461-42F9-8117-EE2DFA4C27D5}.Release|Any CPU.ActiveCfg = Release|Any CPU
		{6010DBE9-7461-42F9-8117-EE2DFA4C27D5}.Release|Any CPU.Build.0 = Release|Any CPU
		{A346BED8-B4B1-49AE-9BBD-390D81D28DB3}.Debug|Any CPU.ActiveCfg = Debug|Any CPU
		{A346BED8-B4B1-49AE-9BBD-390D81D28DB3}.Debug|Any CPU.Build.0 = Debug|Any CPU
		{A346BED8-B4B1-49AE-9BBD-390D81D28DB3}.Release|Any CPU.ActiveCfg = Release|Any CPU
		{A346BED8-B4B1-49AE-9BBD-390D81D28DB3}.Release|Any CPU.Build.0 = Release|Any CPU
		{F3816520-C2B9-4AFC-8025-2E455C232286}.Debug|Any CPU.ActiveCfg = Debug|Any CPU
		{F3816520-C2B9-4AFC-8025-2E455C232286}.Debug|Any CPU.Build.0 = Debug|Any CPU
		{F3816520-C2B9-4AFC-8025-2E455C232286}.Release|Any CPU.ActiveCfg = Release|Any CPU
		{F3816520-C2B9-4AFC-8025-2E455C232286}.Release|Any CPU.Build.0 = Release|Any CPU
		{4CAEA22D-6DEB-434A-919E-F435F0DFC099}.Debug|Any CPU.ActiveCfg = Debug|Any CPU
		{4CAEA22D-6DEB-434A-919E-F435F0DFC099}.Debug|Any CPU.Build.0 = Debug|Any CPU
		{4CAEA22D-6DEB-434A-919E-F435F0DFC099}.Release|Any CPU.ActiveCfg = Release|Any CPU
		{4CAEA22D-6DEB-434A-919E-F435F0DFC099}.Release|Any CPU.Build.0 = Release|Any CPU
		{B02B5FFB-E909-49BF-802B-3019A8A54CB8}.Debug|Any CPU.ActiveCfg = Debug|Any CPU
		{B02B5FFB-E909-49BF-802B-3019A8A54CB8}.Debug|Any CPU.Build.0 = Debug|Any CPU
		{B02B5FFB-E909-49BF-802B-3019A8A54CB8}.Release|Any CPU.ActiveCfg = Release|Any CPU
		{B02B5FFB-E909-49BF-802B-3019A8A54CB8}.Release|Any CPU.Build.0 = Release|Any CPU
		{29AF3426-EC5B-4B51-BDF0-6DD13991F0A7}.Debug|Any CPU.ActiveCfg = Debug|Any CPU
		{29AF3426-EC5B-4B51-BDF0-6DD13991F0A7}.Debug|Any CPU.Build.0 = Debug|Any CPU
		{29AF3426-EC5B-4B51-BDF0-6DD13991F0A7}.Release|Any CPU.ActiveCfg = Release|Any CPU
		{29AF3426-EC5B-4B51-BDF0-6DD13991F0A7}.Release|Any CPU.Build.0 = Release|Any CPU
		{08513109-9603-49DF-A87A-0A60C5B86595}.Debug|Any CPU.ActiveCfg = Debug|Any CPU
		{08513109-9603-49DF-A87A-0A60C5B86595}.Debug|Any CPU.Build.0 = Debug|Any CPU
		{08513109-9603-49DF-A87A-0A60C5B86595}.Release|Any CPU.ActiveCfg = Release|Any CPU
		{08513109-9603-49DF-A87A-0A60C5B86595}.Release|Any CPU.Build.0 = Release|Any CPU
		{E39A040F-1FD6-40B7-8DC8-39E088A83D92}.Debug|Any CPU.ActiveCfg = Debug|Any CPU
		{E39A040F-1FD6-40B7-8DC8-39E088A83D92}.Debug|Any CPU.Build.0 = Debug|Any CPU
		{E39A040F-1FD6-40B7-8DC8-39E088A83D92}.Release|Any CPU.ActiveCfg = Release|Any CPU
		{E39A040F-1FD6-40B7-8DC8-39E088A83D92}.Release|Any CPU.Build.0 = Release|Any CPU
	EndGlobalSection
	GlobalSection(SolutionProperties) = preSolution
		HideSolutionNode = FALSE
	EndGlobalSection
	GlobalSection(NestedProjects) = preSolution
		{3E30C0FD-159A-4CFE-AF85-C892E4D4F9CD} = {3BAA41D5-A47B-495C-88B4-E9A24F0DE1D2}
		{D8FB3ED7-F22C-4FAD-A3FB-F1ADD9FF9546} = {3BAA41D5-A47B-495C-88B4-E9A24F0DE1D2}
		{433DA395-F9A7-411D-AA3D-1293B3B55131} = {3BAA41D5-A47B-495C-88B4-E9A24F0DE1D2}
		{179F36C6-B60C-49E1-A1F8-6F99A8F129EB} = {C2582FAB-0150-4FA7-8FEF-F9B40F87CF30}
		{6010DBE9-7461-42F9-8117-EE2DFA4C27D5} = {C2582FAB-0150-4FA7-8FEF-F9B40F87CF30}
		{A346BED8-B4B1-49AE-9BBD-390D81D28DB3} = {C2582FAB-0150-4FA7-8FEF-F9B40F87CF30}
		{F3816520-C2B9-4AFC-8025-2E455C232286} = {A796151D-65C3-46D3-B5F9-A91D81D503CD}
		{4CAEA22D-6DEB-434A-919E-F435F0DFC099} = {A796151D-65C3-46D3-B5F9-A91D81D503CD}
		{B02B5FFB-E909-49BF-802B-3019A8A54CB8} = {A796151D-65C3-46D3-B5F9-A91D81D503CD}
		{29AF3426-EC5B-4B51-BDF0-6DD13991F0A7} = {DCF7B5AC-B05E-475A-A812-540699F8613E}
		{08513109-9603-49DF-A87A-0A60C5B86595} = {DCF7B5AC-B05E-475A-A812-540699F8613E}
		{E39A040F-1FD6-40B7-8DC8-39E088A83D92} = {DCF7B5AC-B05E-475A-A812-540699F8613E}
	EndGlobalSection
	GlobalSection(ExtensibilityGlobals) = postSolution
		SolutionGuid = {9C41BE32-B4C8-44EC-9753-DD3B3CE8C245}
	EndGlobalSection
EndGlobal
